
Microsoft Visual Studio Solution File, Format Version 12.00
# Visual Studio Version 17
VisualStudioVersion = 17.4.33213.308
MinimumVisualStudioVersion = 10.0.40219.1
Project("{FAE04EC0-301F-11D3-BF4B-00C04F79EFBC}") = "Project", "Project.csproj", "{9410327A-3234-49AC-83E8-3CE823C6C46E}"
EndProject
Global
	GlobalSection(SolutionConfigurationPlatforms) = preSolution
		Debug|Any CPU = Debug|Any CPU
		Release|Any CPU = Release|Any CPU
	EndGlobalSection
	GlobalSection(ProjectConfigurationPlatforms) = postSolution
		{9410327A-3234-49AC-83E8-3CE823C6C46E}.Debug|Any CPU.ActiveCfg = Debug|Any CPU
		{9410327A-3234-49AC-83E8-3CE823C6C46E}.Debug|Any CPU.Build.0 = Debug|Any CPU
		{9410327A-3234-49AC-83E8-3CE823C6C46E}.Release|Any CPU.ActiveCfg = Release|Any CPU
		{9410327A-3234-49AC-83E8-3CE823C6C46E}.Release|Any CPU.Build.0 = Release|Any CPU
	EndGlobalSection
	GlobalSection(SolutionProperties) = preSolution
		HideSolutionNode = FALSE
	EndGlobalSection
	GlobalSection(ExtensibilityGlobals) = postSolution
		SolutionGuid = {87849C8D-29E5-45D1-8B7F-5700078BDB87}
	EndGlobalSection
EndGlobal
